// !$*UTF8*$!
{
	archiveVersion = 1;
	classes = {
	};
	objectVersion = 50;
	objects = {

/* Begin PBXBuildFile section */
		962CA16922A51F6600C7AFE2 /* skiplist.c in Sources */ = {isa = PBXBuildFile; fileRef = 962CA16822A51F6600C7AFE2 /* skiplist.c */; };
		962CA16D22A630DE00C7AFE2 /* graph.c in Sources */ = {isa = PBXBuildFile; fileRef = 962CA16C22A630DE00C7AFE2 /* graph.c */; };
		96B4C5F822A94BF8005A7797 /* queue.c in Sources */ = {isa = PBXBuildFile; fileRef = 96B4C5F722A94BF8005A7797 /* queue.c */; };
		96B96B1622A1F83C00FBC6B8 /* main.c in Sources */ = {isa = PBXBuildFile; fileRef = 96B96B1522A1F83C00FBC6B8 /* main.c */; };
		96B96B2022A1F8C800FBC6B8 /* list.c in Sources */ = {isa = PBXBuildFile; fileRef = 96B96B1F22A1F8C800FBC6B8 /* list.c */; };
		96B96B2922A1FBFD00FBC6B8 /* bigo.c in Sources */ = {isa = PBXBuildFile; fileRef = 96B96B2822A1FBFD00FBC6B8 /* bigo.c */; };
		96B96B2D22A21E8700FBC6B8 /* bst.c in Sources */ = {isa = PBXBuildFile; fileRef = 96B96B2C22A21E8700FBC6B8 /* bst.c */; };
		96B96B3122A2375200FBC6B8 /* avl.c in Sources */ = {isa = PBXBuildFile; fileRef = 96B96B3022A2375200FBC6B8 /* avl.c */; };
		96B96B3522A2590300FBC6B8 /* hashtable.c in Sources */ = {isa = PBXBuildFile; fileRef = 96B96B3422A2590300FBC6B8 /* hashtable.c */; };
		96B96B3922A2787400FBC6B8 /* heap.c in Sources */ = {isa = PBXBuildFile; fileRef = 96B96B3822A2787400FBC6B8 /* heap.c */; };
		96B96B4122A3871700FBC6B8 /* sort.c in Sources */ = {isa = PBXBuildFile; fileRef = 96B96B4022A3871700FBC6B8 /* sort.c */; };
		96B96B4522A3C1F000FBC6B8 /* dynamicprogramming.c in Sources */ = {isa = PBXBuildFile; fileRef = 96B96B4422A3C1F000FBC6B8 /* dynamicprogramming.c */; };
/* End PBXBuildFile section */

/* Begin PBXCopyFilesBuildPhase section */
		96B96B1022A1F83C00FBC6B8 /* CopyFiles */ = {
			isa = PBXCopyFilesBuildPhase;
			buildActionMask = 2147483647;
			dstPath = /usr/share/man/man1/;
			dstSubfolderSpec = 0;
			files = (
			);
			runOnlyForDeploymentPostprocessing = 1;
		};
/* End PBXCopyFilesBuildPhase section */

/* Begin PBXFileReference section */
		962CA16722A51F6600C7AFE2 /* skiplist.h */ = {isa = PBXFileReference; lastKnownFileType = sourcecode.c.h; path = skiplist.h; sourceTree = "<group>"; };
		962CA16822A51F6600C7AFE2 /* skiplist.c */ = {isa = PBXFileReference; lastKnownFileType = sourcecode.c.c; path = skiplist.c; sourceTree = "<group>"; };
		962CA16B22A630DE00C7AFE2 /* graph.h */ = {isa = PBXFileReference; lastKnownFileType = sourcecode.c.h; path = graph.h; sourceTree = "<group>"; };
		962CA16C22A630DE00C7AFE2 /* graph.c */ = {isa = PBXFileReference; lastKnownFileType = sourcecode.c.c; path = graph.c; sourceTree = "<group>"; };
		96B4C5F622A94BF8005A7797 /* queue.h */ = {isa = PBXFileReference; fileEncoding = 4; lastKnownFileType = sourcecode.c.h; path = queue.h; sourceTree = "<group>"; };
		96B4C5F722A94BF8005A7797 /* queue.c */ = {isa = PBXFileReference; fileEncoding = 4; lastKnownFileType = sourcecode.c.c; path = queue.c; sourceTree = "<group>"; };
		96B96B1222A1F83C00FBC6B8 /* DataStructure */ = {isa = PBXFileReference; explicitFileType = "compiled.mach-o.executable"; includeInIndex = 0; path = DataStructure; sourceTree = BUILT_PRODUCTS_DIR; };
		96B96B1522A1F83C00FBC6B8 /* main.c */ = {isa = PBXFileReference; lastKnownFileType = sourcecode.c.c; path = main.c; sourceTree = "<group>"; };
		96B96B1E22A1F8C800FBC6B8 /* list.h */ = {isa = PBXFileReference; lastKnownFileType = sourcecode.c.h; path = list.h; sourceTree = "<group>"; };
		96B96B1F22A1F8C800FBC6B8 /* list.c */ = {isa = PBXFileReference; lastKnownFileType = sourcecode.c.c; path = list.c; sourceTree = "<group>"; };
		96B96B2722A1FBFD00FBC6B8 /* bigo.h */ = {isa = PBXFileReference; lastKnownFileType = sourcecode.c.h; path = bigo.h; sourceTree = "<group>"; };
		96B96B2822A1FBFD00FBC6B8 /* bigo.c */ = {isa = PBXFileReference; lastKnownFileType = sourcecode.c.c; path = bigo.c; sourceTree = "<group>"; };
		96B96B2B22A21E8700FBC6B8 /* bst.h */ = {isa = PBXFileReference; lastKnownFileType = sourcecode.c.h; path = bst.h; sourceTree = "<group>"; };
		96B96B2C22A21E8700FBC6B8 /* bst.c */ = {isa = PBXFileReference; lastKnownFileType = sourcecode.c.c; path = bst.c; sourceTree = "<group>"; };
		96B96B2F22A2375200FBC6B8 /* avl.h */ = {isa = PBXFileReference; lastKnownFileType = sourcecode.c.h; path = avl.h; sourceTree = "<group>"; };
		96B96B3022A2375200FBC6B8 /* avl.c */ = {isa = PBXFileReference; lastKnownFileType = sourcecode.c.c; path = avl.c; sourceTree = "<group>"; };
		96B96B3322A2590300FBC6B8 /* hashtable.h */ = {isa = PBXFileReference; lastKnownFileType = sourcecode.c.h; path = hashtable.h; sourceTree = "<group>"; };
		96B96B3422A2590300FBC6B8 /* hashtable.c */ = {isa = PBXFileReference; lastKnownFileType = sourcecode.c.c; path = hashtable.c; sourceTree = "<group>"; };
		96B96B3722A2787400FBC6B8 /* heap.h */ = {isa = PBXFileReference; lastKnownFileType = sourcecode.c.h; path = heap.h; sourceTree = "<group>"; };
		96B96B3822A2787400FBC6B8 /* heap.c */ = {isa = PBXFileReference; lastKnownFileType = sourcecode.c.c; path = heap.c; sourceTree = "<group>"; };
		96B96B3F22A3871700FBC6B8 /* sort.h */ = {isa = PBXFileReference; fileEncoding = 4; lastKnownFileType = sourcecode.c.h; path = sort.h; sourceTree = "<group>"; };
		96B96B4022A3871700FBC6B8 /* sort.c */ = {isa = PBXFileReference; fileEncoding = 4; lastKnownFileType = sourcecode.c.c; path = sort.c; sourceTree = "<group>"; };
		96B96B4322A3C1F000FBC6B8 /* dynamicprogramming.h */ = {isa = PBXFileReference; lastKnownFileType = sourcecode.c.h; path = dynamicprogramming.h; sourceTree = "<group>"; };
		96B96B4422A3C1F000FBC6B8 /* dynamicprogramming.c */ = {isa = PBXFileReference; lastKnownFileType = sourcecode.c.c; path = dynamicprogramming.c; sourceTree = "<group>"; };
/* End PBXFileReference section */

/* Begin PBXFrameworksBuildPhase section */
		96B96B0F22A1F83C00FBC6B8 /* Frameworks */ = {
			isa = PBXFrameworksBuildPhase;
			buildActionMask = 2147483647;
			files = (
			);
			runOnlyForDeploymentPostprocessing = 0;
		};
/* End PBXFrameworksBuildPhase section */

/* Begin PBXGroup section */
		962CA16622A51F4800C7AFE2 /* SkipList */ = {
			isa = PBXGroup;
			children = (
				962CA16722A51F6600C7AFE2 /* skiplist.h */,
				962CA16822A51F6600C7AFE2 /* skiplist.c */,
			);
			path = SkipList;
			sourceTree = "<group>";
		};
		962CA16A22A630D000C7AFE2 /* Graph */ = {
			isa = PBXGroup;
			children = (
				962CA16B22A630DE00C7AFE2 /* graph.h */,
				962CA16C22A630DE00C7AFE2 /* graph.c */,
			);
			path = Graph;
			sourceTree = "<group>";
		};
		96B96B0922A1F83C00FBC6B8 = {
			isa = PBXGroup;
			children = (
				96B96B1422A1F83C00FBC6B8 /* DataStructure */,
				96B96B1322A1F83C00FBC6B8 /* Products */,
			);
			sourceTree = "<group>";
		};
		96B96B1322A1F83C00FBC6B8 /* Products */ = {
			isa = PBXGroup;
			children = (
				96B96B1222A1F83C00FBC6B8 /* DataStructure */,
			);
			name = Products;
			sourceTree = "<group>";
		};
		96B96B1422A1F83C00FBC6B8 /* DataStructure */ = {
			isa = PBXGroup;
			children = (
				96B96B1522A1F83C00FBC6B8 /* main.c */,
				962CA16A22A630D000C7AFE2 /* Graph */,
				962CA16622A51F4800C7AFE2 /* SkipList */,
				96B96B4222A3C1C900FBC6B8 /* DynamicProgramming */,
				96B96B3E22A3871700FBC6B8 /* Sort */,
				96B96B3622A2786500FBC6B8 /* Heap */,
				96B96B3222A2589E00FBC6B8 /* HashTable */,
				96B96B2E22A2374800FBC6B8 /* AVLTree */,
				96B96B2A22A21E7900FBC6B8 /* BinarySearchTree */,
				96B96B2122A1FBA700FBC6B8 /* BigO */,
				96B96B1D22A1F8BF00FBC6B8 /* LinkedList */,
			);
			path = DataStructure;
			sourceTree = "<group>";
		};
		96B96B1D22A1F8BF00FBC6B8 /* LinkedList */ = {
			isa = PBXGroup;
			children = (
				96B96B1E22A1F8C800FBC6B8 /* list.h */,
				96B96B1F22A1F8C800FBC6B8 /* list.c */,
				96B4C5F622A94BF8005A7797 /* queue.h */,
				96B4C5F722A94BF8005A7797 /* queue.c */,
			);
			path = LinkedList;
			sourceTree = "<group>";
		};
		96B96B2122A1FBA700FBC6B8 /* BigO */ = {
			isa = PBXGroup;
			children = (
				96B96B2722A1FBFD00FBC6B8 /* bigo.h */,
				96B96B2822A1FBFD00FBC6B8 /* bigo.c */,
			);
			path = BigO;
			sourceTree = "<group>";
		};
		96B96B2A22A21E7900FBC6B8 /* BinarySearchTree */ = {
			isa = PBXGroup;
			children = (
				96B96B2B22A21E8700FBC6B8 /* bst.h */,
				96B96B2C22A21E8700FBC6B8 /* bst.c */,
			);
			path = BinarySearchTree;
			sourceTree = "<group>";
		};
		96B96B2E22A2374800FBC6B8 /* AVLTree */ = {
			isa = PBXGroup;
			children = (
				96B96B2F22A2375200FBC6B8 /* avl.h */,
				96B96B3022A2375200FBC6B8 /* avl.c */,
			);
			path = AVLTree;
			sourceTree = "<group>";
		};
		96B96B3222A2589E00FBC6B8 /* HashTable */ = {
			isa = PBXGroup;
			children = (
				96B96B3322A2590300FBC6B8 /* hashtable.h */,
				96B96B3422A2590300FBC6B8 /* hashtable.c */,
			);
			path = HashTable;
			sourceTree = "<group>";
		};
		96B96B3622A2786500FBC6B8 /* Heap */ = {
			isa = PBXGroup;
			children = (
				96B96B3722A2787400FBC6B8 /* heap.h */,
				96B96B3822A2787400FBC6B8 /* heap.c */,
			);
			path = Heap;
			sourceTree = "<group>";
		};
		96B96B3E22A3871700FBC6B8 /* Sort */ = {
			isa = PBXGroup;
			children = (
				96B96B3F22A3871700FBC6B8 /* sort.h */,
				96B96B4022A3871700FBC6B8 /* sort.c */,
			);
			path = Sort;
			sourceTree = "<group>";
		};
		96B96B4222A3C1C900FBC6B8 /* DynamicProgramming */ = {
			isa = PBXGroup;
			children = (
				96B96B4322A3C1F000FBC6B8 /* dynamicprogramming.h */,
				96B96B4422A3C1F000FBC6B8 /* dynamicprogramming.c */,
			);
			path = DynamicProgramming;
			sourceTree = "<group>";
		};
/* End PBXGroup section */

/* Begin PBXNativeTarget section */
		96B96B1122A1F83C00FBC6B8 /* DataStructure */ = {
			isa = PBXNativeTarget;
			buildConfigurationList = 96B96B1922A1F83C00FBC6B8 /* Build configuration list for PBXNativeTarget "DataStructure" */;
			buildPhases = (
				96B96B0E22A1F83C00FBC6B8 /* Sources */,
				96B96B0F22A1F83C00FBC6B8 /* Frameworks */,
				96B96B1022A1F83C00FBC6B8 /* CopyFiles */,
			);
			buildRules = (
			);
			dependencies = (
			);
			name = DataStructure;
			productName = DataStructure;
			productReference = 96B96B1222A1F83C00FBC6B8 /* DataStructure */;
			productType = "com.apple.product-type.tool";
		};
/* End PBXNativeTarget section */

/* Begin PBXProject section */
		96B96B0A22A1F83C00FBC6B8 /* Project object */ = {
			isa = PBXProject;
			attributes = {
				LastUpgradeCheck = 1020;
				ORGANIZATIONNAME = UTAS;
				TargetAttributes = {
					96B96B1122A1F83C00FBC6B8 = {
						CreatedOnToolsVersion = 10.2.1;
					};
				};
			};
			buildConfigurationList = 96B96B0D22A1F83C00FBC6B8 /* Build configuration list for PBXProject "DataStructure" */;
			compatibilityVersion = "Xcode 9.3";
			developmentRegion = en;
			hasScannedForEncodings = 0;
			knownRegions = (
				en,
			);
			mainGroup = 96B96B0922A1F83C00FBC6B8;
			productRefGroup = 96B96B1322A1F83C00FBC6B8 /* Products */;
			projectDirPath = "";
			projectRoot = "";
			targets = (
				96B96B1122A1F83C00FBC6B8 /* DataStructure */,
			);
		};
/* End PBXProject section */

/* Begin PBXSourcesBuildPhase section */
		96B96B0E22A1F83C00FBC6B8 /* Sources */ = {
			isa = PBXSourcesBuildPhase;
			buildActionMask = 2147483647;
			files = (
				96B96B4522A3C1F000FBC6B8 /* dynamicprogramming.c in Sources */,
				96B96B1622A1F83C00FBC6B8 /* main.c in Sources */,
				96B96B4122A3871700FBC6B8 /* sort.c in Sources */,
				96B96B2922A1FBFD00FBC6B8 /* bigo.c in Sources */,
				96B96B3522A2590300FBC6B8 /* hashtable.c in Sources */,
				962CA16D22A630DE00C7AFE2 /* graph.c in Sources */,
				96B96B3922A2787400FBC6B8 /* heap.c in Sources */,
				962CA16922A51F6600C7AFE2 /* skiplist.c in Sources */,
				96B96B3122A2375200FBC6B8 /* avl.c in Sources */,
				96B4C5F822A94BF8005A7797 /* queue.c in Sources */,
				96B96B2022A1F8C800FBC6B8 /* list.c in Sources */,
				96B96B2D22A21E8700FBC6B8 /* bst.c in Sources */,
			);
			runOnlyForDeploymentPostprocessing = 0;
		};
/* End PBXSourcesBuildPhase section */

/* Begin XCBuildConfiguration section */
		96B96B1722A1F83C00FBC6B8 /* Debug */ = {
			isa = XCBuildConfiguration;
			buildSettings = {
				ALWAYS_SEARCH_USER_PATHS = NO;
				CLANG_ANALYZER_NONNULL = YES;
				CLANG_ANALYZER_NUMBER_OBJECT_CONVERSION = YES_AGGRESSIVE;
				CLANG_CXX_LANGUAGE_STANDARD = "gnu++14";
				CLANG_CXX_LIBRARY = "libc++";
				CLANG_ENABLE_MODULES = YES;
				CLANG_ENABLE_OBJC_ARC = YES;
				CLANG_ENABLE_OBJC_WEAK = YES;
				CLANG_WARN_BLOCK_CAPTURE_AUTORELEASING = YES;
				CLANG_WARN_BOOL_CONVERSION = YES;
				CLANG_WARN_COMMA = YES;
				CLANG_WARN_CONSTANT_CONVERSION = YES;
				CLANG_WARN_DEPRECATED_OBJC_IMPLEMENTATIONS = YES;
				CLANG_WARN_DIRECT_OBJC_ISA_USAGE = YES_ERROR;
				CLANG_WARN_DOCUMENTATION_COMMENTS = YES;
				CLANG_WARN_EMPTY_BODY = YES;
				CLANG_WARN_ENUM_CONVERSION = YES;
				CLANG_WARN_INFINITE_RECURSION = YES;
				CLANG_WARN_INT_CONVERSION = YES;
				CLANG_WARN_NON_LITERAL_NULL_CONVERSION = YES;
				CLANG_WARN_OBJC_IMPLICIT_RETAIN_SELF = YES;
				CLANG_WARN_OBJC_LITERAL_CONVERSION = YES;
				CLANG_WARN_OBJC_ROOT_CLASS = YES_ERROR;
				CLANG_WARN_RANGE_LOOP_ANALYSIS = YES;
				CLANG_WARN_STRICT_PROTOTYPES = YES;
				CLANG_WARN_SUSPICIOUS_MOVE = YES;
				CLANG_WARN_UNGUARDED_AVAILABILITY = YES_AGGRESSIVE;
				CLANG_WARN_UNREACHABLE_CODE = YES;
				CLANG_WARN__DUPLICATE_METHOD_MATCH = YES;
				CODE_SIGN_IDENTITY = "Mac Developer";
				COPY_PHASE_STRIP = NO;
				DEBUG_INFORMATION_FORMAT = dwarf;
				ENABLE_STRICT_OBJC_MSGSEND = YES;
				ENABLE_TESTABILITY = YES;
				GCC_C_LANGUAGE_STANDARD = gnu11;
				GCC_DYNAMIC_NO_PIC = NO;
				GCC_NO_COMMON_BLOCKS = YES;
				GCC_OPTIMIZATION_LEVEL = 0;
				GCC_PREPROCESSOR_DEFINITIONS = (
					"DEBUG=1",
					"$(inherited)",
				);
				GCC_WARN_64_TO_32_BIT_CONVERSION = YES;
				GCC_WARN_ABOUT_RETURN_TYPE = YES_ERROR;
				GCC_WARN_UNDECLARED_SELECTOR = YES;
				GCC_WARN_UNINITIALIZED_AUTOS = YES_AGGRESSIVE;
				GCC_WARN_UNUSED_FUNCTION = YES;
				GCC_WARN_UNUSED_VARIABLE = YES;
				MACOSX_DEPLOYMENT_TARGET = 10.14;
				MTL_ENABLE_DEBUG_INFO = INCLUDE_SOURCE;
				MTL_FAST_MATH = YES;
				ONLY_ACTIVE_ARCH = YES;
				SDKROOT = macosx;
			};
			name = Debug;
		};
		96B96B1822A1F83C00FBC6B8 /* Release */ = {
			isa = XCBuildConfiguration;
			buildSettings = {
				ALWAYS_SEARCH_USER_PATHS = NO;
				CLANG_ANALYZER_NONNULL = YES;
				CLANG_ANALYZER_NUMBER_OBJECT_CONVERSION = YES_AGGRESSIVE;
				CLANG_CXX_LANGUAGE_STANDARD = "gnu++14";
				CLANG_CXX_LIBRARY = "libc++";
				CLANG_ENABLE_MODULES = YES;
				CLANG_ENABLE_OBJC_ARC = YES;
				CLANG_ENABLE_OBJC_WEAK = YES;
				CLANG_WARN_BLOCK_CAPTURE_AUTORELEASING = YES;
				CLANG_WARN_BOOL_CONVERSION = YES;
				CLANG_WARN_COMMA = YES;
				CLANG_WARN_CONSTANT_CONVERSION = YES;
				CLANG_WARN_DEPRECATED_OBJC_IMPLEMENTATIONS = YES;
				CLANG_WARN_DIRECT_OBJC_ISA_USAGE = YES_ERROR;
				CLANG_WARN_DOCUMENTATION_COMMENTS = YES;
				CLANG_WARN_EMPTY_BODY = YES;
				CLANG_WARN_ENUM_CONVERSION = YES;
				CLANG_WARN_INFINITE_RECURSION = YES;
				CLANG_WARN_INT_CONVERSION = YES;
				CLANG_WARN_NON_LITERAL_NULL_CONVERSION = YES;
				CLANG_WARN_OBJC_IMPLICIT_RETAIN_SELF = YES;
				CLANG_WARN_OBJC_LITERAL_CONVERSION = YES;
				CLANG_WARN_OBJC_ROOT_CLASS = YES_ERROR;
				CLANG_WARN_RANGE_LOOP_ANALYSIS = YES;
				CLANG_WARN_STRICT_PROTOTYPES = YES;
				CLANG_WARN_SUSPICIOUS_MOVE = YES;
				CLANG_WARN_UNGUARDED_AVAILABILITY = YES_AGGRESSIVE;
				CLANG_WARN_UNREACHABLE_CODE = YES;
				CLANG_WARN__DUPLICATE_METHOD_MATCH = YES;
				CODE_SIGN_IDENTITY = "Mac Developer";
				COPY_PHASE_STRIP = NO;
				DEBUG_INFORMATION_FORMAT = "dwarf-with-dsym";
				ENABLE_NS_ASSERTIONS = NO;
				ENABLE_STRICT_OBJC_MSGSEND = YES;
				GCC_C_LANGUAGE_STANDARD = gnu11;
				GCC_NO_COMMON_BLOCKS = YES;
				GCC_WARN_64_TO_32_BIT_CONVERSION = YES;
				GCC_WARN_ABOUT_RETURN_TYPE = YES_ERROR;
				GCC_WARN_UNDECLARED_SELECTOR = YES;
				GCC_WARN_UNINITIALIZED_AUTOS = YES_AGGRESSIVE;
				GCC_WARN_UNUSED_FUNCTION = YES;
				GCC_WARN_UNUSED_VARIABLE = YES;
				MACOSX_DEPLOYMENT_TARGET = 10.14;
				MTL_ENABLE_DEBUG_INFO = NO;
				MTL_FAST_MATH = YES;
				SDKROOT = macosx;
			};
			name = Release;
		};
		96B96B1A22A1F83C00FBC6B8 /* Debug */ = {
			isa = XCBuildConfiguration;
			buildSettings = {
				CODE_SIGN_STYLE = Automatic;
				DEVELOPMENT_TEAM = 6MZW7C8429;
				PRODUCT_NAME = "$(TARGET_NAME)";
			};
			name = Debug;
		};
		96B96B1B22A1F83C00FBC6B8 /* Release */ = {
			isa = XCBuildConfiguration;
			buildSettings = {
				CODE_SIGN_STYLE = Automatic;
				DEVELOPMENT_TEAM = 6MZW7C8429;
				PRODUCT_NAME = "$(TARGET_NAME)";
			};
			name = Release;
		};
/* End XCBuildConfiguration section */

/* Begin XCConfigurationList section */
		96B96B0D22A1F83C00FBC6B8 /* Build configuration list for PBXProject "DataStructure" */ = {
			isa = XCConfigurationList;
			buildConfigurations = (
				96B96B1722A1F83C00FBC6B8 /* Debug */,
				96B96B1822A1F83C00FBC6B8 /* Release */,
			);
			defaultConfigurationIsVisible = 0;
			defaultConfigurationName = Release;
		};
		96B96B1922A1F83C00FBC6B8 /* Build configuration list for PBXNativeTarget "DataStructure" */ = {
			isa = XCConfigurationList;
			buildConfigurations = (
				96B96B1A22A1F83C00FBC6B8 /* Debug */,
				96B96B1B22A1F83C00FBC6B8 /* Release */,
			);
			defaultConfigurationIsVisible = 0;
			defaultConfigurationName = Release;
		};
/* End XCConfigurationList section */
	};
	rootObject = 96B96B0A22A1F83C00FBC6B8 /* Project object */;
}
